{
  "name": "zwk-tools",
  "version": "1.0.0",
  "lockfileVersion": 1,
  "requires": true,
  "dependencies": {
    "dayjs": {
      "version": "1.10.5",
      "resolved": "http://106.75.34.80:8081/repository/npm-group/dayjs/-/dayjs-1.10.5.tgz",
      "integrity": "sha1-VgDfRUj8JFOz8WPrsqu+llzPuYY="
    }
  }
}
